
Microsoft Visual Studio Solution File, Format Version 12.00
# Visual Studio Version 17
VisualStudioVersion = 17.10.34928.147
MinimumVisualStudioVersion = 10.0.40219.1
Project("{FAE04EC0-301F-11D3-BF4B-00C04F79EFBC}") = "MethodOfPotentials", "MethodOfPotentials\MethodOfPotentials.csproj", "{70F33834-6DFC-4E59-8EC4-921F75EF55B1}"
EndProject
Global
	GlobalSection(SolutionConfigurationPlatforms) = preSolution
		Debug|Any CPU = Debug|Any CPU
		Release|Any CPU = Release|Any CPU
	EndGlobalSection
	GlobalSection(ProjectConfigurationPlatforms) = postSolution
		{70F33834-6DFC-4E59-8EC4-921F75EF55B1}.Debug|Any CPU.ActiveCfg = Debug|Any CPU
		{70F33834-6DFC-4E59-8EC4-921F75EF55B1}.Debug|Any CPU.Build.0 = Debug|Any CPU
		{70F33834-6DFC-4E59-8EC4-921F75EF55B1}.Release|Any CPU.ActiveCfg = Release|Any CPU
		{70F33834-6DFC-4E59-8EC4-921F75EF55B1}.Release|Any CPU.Build.0 = Release|Any CPU
	EndGlobalSection
	GlobalSection(SolutionProperties) = preSolution
		HideSolutionNode = FALSE
	EndGlobalSection
	GlobalSection(ExtensibilityGlobals) = postSolution
		SolutionGuid = {96A03FDD-743A-46E9-8ACF-292337EB6D22}
	EndGlobalSection
EndGlobal
